
Microsoft Visual Studio Solution File, Format Version 12.00
# Visual Studio Version 17
VisualStudioVersion = 17.14.37216.2 d17.14
MinimumVisualStudioVersion = 10.0.40219.1
Project("{FAE04EC0-301F-11D3-BF4B-00C04F79EFBC}") = "NTTAccountUI", "NTTAccountUI\NTTAccountUI.csproj", "{15A780A1-44A6-442E-8431-5883FF7BABFC}"
EndProject
Global
	GlobalSection(SolutionConfigurationPlatforms) = preSolution
		Debug|Any CPU = Debug|Any CPU
		Release|Any CPU = Release|Any CPU
	EndGlobalSection
	GlobalSection(ProjectConfigurationPlatforms) = postSolution
		{15A780A1-44A6-442E-8431-5883FF7BABFC}.Debug|Any CPU.ActiveCfg = Debug|Any CPU
		{15A780A1-44A6-442E-8431-5883FF7BABFC}.Debug|Any CPU.Build.0 = Debug|Any CPU
		{15A780A1-44A6-442E-8431-5883FF7BABFC}.Release|Any CPU.ActiveCfg = Release|Any CPU
		{15A780A1-44A6-442E-8431-5883FF7BABFC}.Release|Any CPU.Build.0 = Release|Any CPU
	EndGlobalSection
	GlobalSection(SolutionProperties) = preSolution
		HideSolutionNode = FALSE
	EndGlobalSection
	GlobalSection(ExtensibilityGlobals) = postSolution
		SolutionGuid = {980AD97B-9545-4C7C-8451-96383F4CE29F}
	EndGlobalSection
EndGlobal
